{
  "requires": true,
  "lockfileVersion": 1,
  "dependencies": {
    "node-typescript": {
      "version": "0.1.3",
      "resolved": "https://registry.npmjs.org/node-typescript/-/node-typescript-0.1.3.tgz",
      "integrity": "sha512-EK34kMXvdXsVvtzLZVQN3ORdLTQCG0gSnhkQOF8vzrO8beXoXqIUNAGACF9c6N5LDDzEdM8YCXFjbuCE8Mz1Jg==",
      "requires": {
        "typescript": "0.8.3"
      }
    },
    "typescript": {
      "version": "0.8.3",
      "resolved": "https://registry.npmjs.org/typescript/-/typescript-0.8.3.tgz",
      "integrity": "sha512-42GP2FBgk+/q8Y0MRt0vJoWx6I7ADAKBTnz7gK++gwQtzC3h54Yltqb8z+EFozZ4OHhz6uwLmXFthCn4oDOGxg=="
    }
  }
}
